
Microsoft Visual Studio Solution File, Format Version 12.00
# Visual Studio Version 17
VisualStudioVersion = 17.13.35605.110
MinimumVisualStudioVersion = 10.0.40219.1
Project("{FAE04EC0-301F-11D3-BF4B-00C04F79EFBC}") = "OVASOFT.NET.EntityFramework.Onion.Abstractions", "ova.Net.EntityFramework.Abstractions.RepositoryPattern\OVASOFT.NET.EntityFramework.Onion.Abstractions.csproj", "{D6FF1705-927D-BCB2-C2C0-F434E43A7455}"
EndProject
Project("{FAE04EC0-301F-11D3-BF4B-00C04F79EFBC}") = "OVASOFT.NET.EntityFramework.Onion.Examples", "ova.Net.EntityFramework.Abstractions.Example\OVASOFT.NET.EntityFramework.Onion.Examples.csproj", "{B01B9CF1-391F-AD9B-D3E7-7E32D71B1B20}"
EndProject
Global
	GlobalSection(SolutionConfigurationPlatforms) = preSolution
		Debug|Any CPU = Debug|Any CPU
		Release|Any CPU = Release|Any CPU
	EndGlobalSection
	GlobalSection(ProjectConfigurationPlatforms) = postSolution
		{D6FF1705-927D-BCB2-C2C0-F434E43A7455}.Debug|Any CPU.ActiveCfg = Debug|Any CPU
		{D6FF1705-927D-BCB2-C2C0-F434E43A7455}.Debug|Any CPU.Build.0 = Debug|Any CPU
		{D6FF1705-927D-BCB2-C2C0-F434E43A7455}.Release|Any CPU.ActiveCfg = Release|Any CPU
		{D6FF1705-927D-BCB2-C2C0-F434E43A7455}.Release|Any CPU.Build.0 = Release|Any CPU
		{B01B9CF1-391F-AD9B-D3E7-7E32D71B1B20}.Debug|Any CPU.ActiveCfg = Debug|Any CPU
		{B01B9CF1-391F-AD9B-D3E7-7E32D71B1B20}.Debug|Any CPU.Build.0 = Debug|Any CPU
		{B01B9CF1-391F-AD9B-D3E7-7E32D71B1B20}.Release|Any CPU.ActiveCfg = Release|Any CPU
		{B01B9CF1-391F-AD9B-D3E7-7E32D71B1B20}.Release|Any CPU.Build.0 = Release|Any CPU
	EndGlobalSection
	GlobalSection(SolutionProperties) = preSolution
		HideSolutionNode = FALSE
	EndGlobalSection
	GlobalSection(ExtensibilityGlobals) = postSolution
		SolutionGuid = {732FB668-D0D9-4F3E-80C0-ED717E8EB974}
	EndGlobalSection
EndGlobal
